# THIS IS AN AUTOGENERATED FILE. DO NOT EDIT THIS FILE DIRECTLY.
# yarn lockfile v1


"@types/stacktrace-js@^0.0.32":
  version "0.0.32"
  resolved "http://nexus.bndes.net:8180/nexus/repository/npmjs-registry/@types/stacktrace-js/-/stacktrace-js-0.0.32.tgz#d23e4a36a5073d39487fbea8234cc6186862d389"

error-stack-parser@^2.0.1:
  version "2.0.2"
  resolved "http://nexus.bndes.net:8180/nexus/repository/npmjs-registry/error-stack-parser/-/error-stack-parser-2.0.2.tgz#4ae8dbaa2bf90a8b450707b9149dcabca135520d"
  dependencies:
    stackframe "^1.0.4"

source-map@0.5.6:
  version "0.5.6"
  resolved "http://nexus.bndes.net:8180/nexus/repository/npmjs-registry/source-map/-/source-map-0.5.6.tgz#75ce38f52bf0733c5a7f0c118d81334a2bb5f412"

stack-generator@^2.0.1:
  version "2.0.3"
  resolved "http://nexus.bndes.net:8180/nexus/repository/npmjs-registry/stack-generator/-/stack-generator-2.0.3.tgz#bb74385c67ffc4ccf3c4dee5831832d4e509c8a0"
  dependencies:
    stackframe "^1.0.4"

stackframe@^1.0.4:
  version "1.0.4"
  resolved "http://nexus.bndes.net:8180/nexus/repository/npmjs-registry/stackframe/-/stackframe-1.0.4.tgz#357b24a992f9427cba6b545d96a14ed2cbca187b"

stacktrace-gps@^3.0.1:
  version "3.0.2"
  resolved "http://nexus.bndes.net:8180/nexus/repository/npmjs-registry/stacktrace-gps/-/stacktrace-gps-3.0.2.tgz#33f8baa4467323ab2bd1816efa279942ba431ccc"
  dependencies:
    source-map "0.5.6"
    stackframe "^1.0.4"

stacktrace-js@^2.0.0:
  version "2.0.0"
  resolved "http://nexus.bndes.net:8180/nexus/repository/npmjs-registry/stacktrace-js/-/stacktrace-js-2.0.0.tgz#776ca646a95bc6c6b2b90776536a7fc72c6ddb58"
  dependencies:
    error-stack-parser "^2.0.1"
    stack-generator "^2.0.1"
    stacktrace-gps "^3.0.1"
